
Microsoft Visual Studio Solution File, Format Version 12.00
# Visual Studio 15
VisualStudioVersion = 15.0.28307.1500
MinimumVisualStudioVersion = 10.0.40219.1
Project("{FAE04EC0-301F-11D3-BF4B-00C04F79EFBC}") = "dataStructuresAndAlgorithmsPlayground", "dataStructuresAndAlgorithmsPlayground\dataStructuresAndAlgorithmsPlayground.csproj", "{A2B51370-DB4C-49AB-B1EA-52BA897D2AA8}"
EndProject
Project("{FAE04EC0-301F-11D3-BF4B-00C04F79EFBC}") = "Algorithms-DataStruct", "Algorithms-DataStruct\Algorithms-DataStruct.csproj", "{FBB6BC24-D5E4-417A-AA2B-07FBF68F3A60}"
EndProject
Global
	GlobalSection(SolutionConfigurationPlatforms) = preSolution
		Debug|Any CPU = Debug|Any CPU
		Release|Any CPU = Release|Any CPU
	EndGlobalSection
	GlobalSection(ProjectConfigurationPlatforms) = postSolution
		{A2B51370-DB4C-49AB-B1EA-52BA897D2AA8}.Debug|Any CPU.ActiveCfg = Debug|Any CPU
		{A2B51370-DB4C-49AB-B1EA-52BA897D2AA8}.Debug|Any CPU.Build.0 = Debug|Any CPU
		{A2B51370-DB4C-49AB-B1EA-52BA897D2AA8}.Release|Any CPU.ActiveCfg = Release|Any CPU
		{A2B51370-DB4C-49AB-B1EA-52BA897D2AA8}.Release|Any CPU.Build.0 = Release|Any CPU
		{FBB6BC24-D5E4-417A-AA2B-07FBF68F3A60}.Debug|Any CPU.ActiveCfg = Debug|Any CPU
		{FBB6BC24-D5E4-417A-AA2B-07FBF68F3A60}.Debug|Any CPU.Build.0 = Debug|Any CPU
		{FBB6BC24-D5E4-417A-AA2B-07FBF68F3A60}.Release|Any CPU.ActiveCfg = Release|Any CPU
		{FBB6BC24-D5E4-417A-AA2B-07FBF68F3A60}.Release|Any CPU.Build.0 = Release|Any CPU
	EndGlobalSection
	GlobalSection(SolutionProperties) = preSolution
		HideSolutionNode = FALSE
	EndGlobalSection
	GlobalSection(ExtensibilityGlobals) = postSolution
		SolutionGuid = {32203547-61B9-4462-90AC-D32B7DDFC174}
	EndGlobalSection
EndGlobal
